
Microsoft Visual Studio Solution File, Format Version 12.00
# Visual Studio Version 17
VisualStudioVersion = 17.10.34916.146
MinimumVisualStudioVersion = 10.0.40219.1
Project("{FAE04EC0-301F-11D3-BF4B-00C04F79EFBC}") = "Atv2", "Atv2.csproj", "{231218C4-C34D-4284-A281-75BCFFF03066}"
EndProject
Global
	GlobalSection(SolutionConfigurationPlatforms) = preSolution
		Debug|Any CPU = Debug|Any CPU
		Release|Any CPU = Release|Any CPU
	EndGlobalSection
	GlobalSection(ProjectConfigurationPlatforms) = postSolution
		{231218C4-C34D-4284-A281-75BCFFF03066}.Debug|Any CPU.ActiveCfg = Debug|Any CPU
		{231218C4-C34D-4284-A281-75BCFFF03066}.Debug|Any CPU.Build.0 = Debug|Any CPU
		{231218C4-C34D-4284-A281-75BCFFF03066}.Release|Any CPU.ActiveCfg = Release|Any CPU
		{231218C4-C34D-4284-A281-75BCFFF03066}.Release|Any CPU.Build.0 = Release|Any CPU
	EndGlobalSection
	GlobalSection(SolutionProperties) = preSolution
		HideSolutionNode = FALSE
	EndGlobalSection
	GlobalSection(ExtensibilityGlobals) = postSolution
		SolutionGuid = {B84C57AF-9378-4E4C-BF69-4F24C9A86788}
	EndGlobalSection
EndGlobal
